
Microsoft Visual Studio Solution File, Format Version 12.00
# Visual Studio Version 16
VisualStudioVersion = 16.0.29503.13
MinimumVisualStudioVersion = 10.0.40219.1
Project("{FAE04EC0-301F-11D3-BF4B-00C04F79EFBC}") = "Csh_Lab_5", "Csh_Lab_5\Csh_Lab_5.csproj", "{76DDB517-4107-4025-8E90-1876E3B80EF7}"
EndProject
Global
	GlobalSection(SolutionConfigurationPlatforms) = preSolution
		Debug|Any CPU = Debug|Any CPU
		Release|Any CPU = Release|Any CPU
	EndGlobalSection
	GlobalSection(ProjectConfigurationPlatforms) = postSolution
		{76DDB517-4107-4025-8E90-1876E3B80EF7}.Debug|Any CPU.ActiveCfg = Debug|Any CPU
		{76DDB517-4107-4025-8E90-1876E3B80EF7}.Debug|Any CPU.Build.0 = Debug|Any CPU
		{76DDB517-4107-4025-8E90-1876E3B80EF7}.Release|Any CPU.ActiveCfg = Release|Any CPU
		{76DDB517-4107-4025-8E90-1876E3B80EF7}.Release|Any CPU.Build.0 = Release|Any CPU
	EndGlobalSection
	GlobalSection(SolutionProperties) = preSolution
		HideSolutionNode = FALSE
	EndGlobalSection
	GlobalSection(ExtensibilityGlobals) = postSolution
		SolutionGuid = {E900C0B6-F4C0-49DC-8499-AE04ADEBC295}
	EndGlobalSection
EndGlobal
